
Microsoft Visual Studio Solution File, Format Version 12.00
# Visual Studio Version 17
VisualStudioVersion = 17.10.35013.160
MinimumVisualStudioVersion = 10.0.40219.1
Project("{9A19103F-16F7-4668-BE54-9A1E7A4F7556}") = "CRUD_Minimal_API", "CURD_Minimal_API\CRUD_Minimal_API.csproj", "{A03D0606-0BF3-4340-B773-4172F5910292}"
EndProject
Global
	GlobalSection(SolutionConfigurationPlatforms) = preSolution
		Debug|Any CPU = Debug|Any CPU
		Release|Any CPU = Release|Any CPU
	EndGlobalSection
	GlobalSection(ProjectConfigurationPlatforms) = postSolution
		{A03D0606-0BF3-4340-B773-4172F5910292}.Debug|Any CPU.ActiveCfg = Debug|Any CPU
		{A03D0606-0BF3-4340-B773-4172F5910292}.Debug|Any CPU.Build.0 = Debug|Any CPU
		{A03D0606-0BF3-4340-B773-4172F5910292}.Release|Any CPU.ActiveCfg = Release|Any CPU
		{A03D0606-0BF3-4340-B773-4172F5910292}.Release|Any CPU.Build.0 = Release|Any CPU
	EndGlobalSection
	GlobalSection(SolutionProperties) = preSolution
		HideSolutionNode = FALSE
	EndGlobalSection
	GlobalSection(ExtensibilityGlobals) = postSolution
		SolutionGuid = {957B6806-7612-487F-9D18-94CA2C3019DC}
	EndGlobalSection
EndGlobal
